<?xml version="1.0" encoding="UTF-8"?>
<Scheme
   version = "1.3">
   <BuildAction>
      <BuildActionEntries>
         <BuildActionEntry
            buildForRunning = "YES">
            <BuildableReference
               BuildableIdentifier = "primary"
               BlueprintIdentifier = "A3EA95BA03487CD7FBE01ED6"
               BuildableName = "ImageTabDemo.app"
               BlueprintName = "ImageTabDemo"
               ReferencedContainer = "container:ImageTabDemo.xcodeproj">
            </BuildableReference>
         </BuildActionEntry>
      </BuildActionEntries>
   </BuildAction>
   <LaunchAction
      useCustomWorkingDirectory = "NO"
      buildConfiguration = "Debug">
      <BuildableProductRunnable>
         <BuildableReference
            BuildableIdentifier = "primary"
            BlueprintIdentifier = "A3EA95BA03487CD7FBE01ED6"
            BuildableName = "ImageTabDemo.app"
            BlueprintName = "ImageTabDemo"
            ReferencedContainer = "container:ImageTabDemo.xcodeproj">
         </BuildableReference>
      </BuildableProductRunnable>
   </LaunchAction>
</Scheme>
